// !$*UTF8*$!
{
	archiveVersion = 1;
	classes = {
	};
	objectVersion = 50;
	objects = {

/* Begin PBXBuildFile section */
		684B4A1D22A9F02F0086C6C1 /* AppDelegate.swift in Sources */ = {isa = PBXBuildFile; fileRef = 684B4A1C22A9F02F0086C6C1 /* AppDelegate.swift */; };
		684B4A1F22A9F02F0086C6C1 /* SceneDelegate.swift in Sources */ = {isa = PBXBuildFile; fileRef = 684B4A1E22A9F02F0086C6C1 /* SceneDelegate.swift */; };
		684B4A2122A9F02F0086C6C1 /* ContentView.swift in Sources */ = {isa = PBXBuildFile; fileRef = 684B4A2022A9F02F0086C6C1 /* ContentView.swift */; };
		684B4A2322A9F0300086C6C1 /* Assets.xcassets in Resources */ = {isa = PBXBuildFile; fileRef = 684B4A2222A9F0300086C6C1 /* Assets.xcassets */; };
		684B4A2622A9F0300086C6C1 /* Preview Assets.xcassets in Resources */ = {isa = PBXBuildFile; fileRef = 684B4A2522A9F0300086C6C1 /* Preview Assets.xcassets */; };
		684B4A2922A9F0300086C6C1 /* LaunchScreen.storyboard in Resources */ = {isa = PBXBuildFile; fileRef = 684B4A2722A9F0300086C6C1 /* LaunchScreen.storyboard */; };
		684B4A3222A9F0F20086C6C1 /* BackedByUserDefault.swift in Sources */ = {isa = PBXBuildFile; fileRef = 684B4A3122A9F0F20086C6C1 /* BackedByUserDefault.swift */; };
		684B4A3422A9F8690086C6C1 /* ThreadSafe.swift in Sources */ = {isa = PBXBuildFile; fileRef = 684B4A3322A9F8690086C6C1 /* ThreadSafe.swift */; };
		684B4A3622AAD49C0086C6C1 /* LoggingAccessors.swift in Sources */ = {isa = PBXBuildFile; fileRef = 684B4A3522AAD49C0086C6C1 /* LoggingAccessors.swift */; };
/* End PBXBuildFile section */

/* Begin PBXFileReference section */
		684B4A1922A9F02F0086C6C1 /* Swift51Demo.app */ = {isa = PBXFileReference; explicitFileType = wrapper.application; includeInIndex = 0; path = Swift51Demo.app; sourceTree = BUILT_PRODUCTS_DIR; };
		684B4A1C22A9F02F0086C6C1 /* AppDelegate.swift */ = {isa = PBXFileReference; lastKnownFileType = sourcecode.swift; path = AppDelegate.swift; sourceTree = "<group>"; };
		684B4A1E22A9F02F0086C6C1 /* SceneDelegate.swift */ = {isa = PBXFileReference; lastKnownFileType = sourcecode.swift; path = SceneDelegate.swift; sourceTree = "<group>"; };
		684B4A2022A9F02F0086C6C1 /* ContentView.swift */ = {isa = PBXFileReference; lastKnownFileType = sourcecode.swift; path = ContentView.swift; sourceTree = "<group>"; };
		684B4A2222A9F0300086C6C1 /* Assets.xcassets */ = {isa = PBXFileReference; lastKnownFileType = folder.assetcatalog; path = Assets.xcassets; sourceTree = "<group>"; };
		684B4A2522A9F0300086C6C1 /* Preview Assets.xcassets */ = {isa = PBXFileReference; lastKnownFileType = folder.assetcatalog; path = "Preview Assets.xcassets"; sourceTree = "<group>"; };
		684B4A2822A9F0300086C6C1 /* Base */ = {isa = PBXFileReference; lastKnownFileType = file.storyboard; name = Base; path = Base.lproj/LaunchScreen.storyboard; sourceTree = "<group>"; };
		684B4A2A22A9F0300086C6C1 /* Info.plist */ = {isa = PBXFileReference; lastKnownFileType = text.plist.xml; path = Info.plist; sourceTree = "<group>"; };
		684B4A3122A9F0F20086C6C1 /* BackedByUserDefault.swift */ = {isa = PBXFileReference; lastKnownFileType = sourcecode.swift; path = BackedByUserDefault.swift; sourceTree = "<group>"; };
		684B4A3322A9F8690086C6C1 /* ThreadSafe.swift */ = {isa = PBXFileReference; lastKnownFileType = sourcecode.swift; path = ThreadSafe.swift; sourceTree = "<group>"; };
		684B4A3522AAD49C0086C6C1 /* LoggingAccessors.swift */ = {isa = PBXFileReference; lastKnownFileType = sourcecode.swift; path = LoggingAccessors.swift; sourceTree = "<group>"; };
/* End PBXFileReference section */

/* Begin PBXFrameworksBuildPhase section */
		684B4A1622A9F02F0086C6C1 /* Frameworks */ = {
			isa = PBXFrameworksBuildPhase;
			buildActionMask = 2147483647;
			files = (
			);
			runOnlyForDeploymentPostprocessing = 0;
		};
/* End PBXFrameworksBuildPhase section */

/* Begin PBXGroup section */
		684B4A1022A9F02F0086C6C1 = {
			isa = PBXGroup;
			children = (
				684B4A1B22A9F02F0086C6C1 /* Swift51Demo */,
				684B4A1A22A9F02F0086C6C1 /* Products */,
			);
			sourceTree = "<group>";
		};
		684B4A1A22A9F02F0086C6C1 /* Products */ = {
			isa = PBXGroup;
			children = (
				684B4A1922A9F02F0086C6C1 /* Swift51Demo.app */,
			);
			name = Products;
			sourceTree = "<group>";
		};
		684B4A1B22A9F02F0086C6C1 /* Swift51Demo */ = {
			isa = PBXGroup;
			children = (
				684B4A3022A9F0CF0086C6C1 /* PropertyDelegates */,
				684B4A1C22A9F02F0086C6C1 /* AppDelegate.swift */,
				684B4A1E22A9F02F0086C6C1 /* SceneDelegate.swift */,
				684B4A2022A9F02F0086C6C1 /* ContentView.swift */,
				684B4A2222A9F0300086C6C1 /* Assets.xcassets */,
				684B4A2722A9F0300086C6C1 /* LaunchScreen.storyboard */,
				684B4A2A22A9F0300086C6C1 /* Info.plist */,
				684B4A2422A9F0300086C6C1 /* Preview Content */,
			);
			path = Swift51Demo;
			sourceTree = "<group>";
		};
		684B4A2422A9F0300086C6C1 /* Preview Content */ = {
			isa = PBXGroup;
			children = (
				684B4A2522A9F0300086C6C1 /* Preview Assets.xcassets */,
			);
			path = "Preview Content";
			sourceTree = "<group>";
		};
		684B4A3022A9F0CF0086C6C1 /* PropertyDelegates */ = {
			isa = PBXGroup;
			children = (
				684B4A3122A9F0F20086C6C1 /* BackedByUserDefault.swift */,
				684B4A3322A9F8690086C6C1 /* ThreadSafe.swift */,
				684B4A3522AAD49C0086C6C1 /* LoggingAccessors.swift */,
			);
			path = PropertyDelegates;
			sourceTree = "<group>";
		};
/* End PBXGroup section */

/* Begin PBXNativeTarget section */
		684B4A1822A9F02F0086C6C1 /* Swift51Demo */ = {
			isa = PBXNativeTarget;
			buildConfigurationList = 684B4A2D22A9F0300086C6C1 /* Build configuration list for PBXNativeTarget "Swift51Demo" */;
			buildPhases = (
				684B4A1522A9F02F0086C6C1 /* Sources */,
				684B4A1622A9F02F0086C6C1 /* Frameworks */,
				684B4A1722A9F02F0086C6C1 /* Resources */,
			);
			buildRules = (
			);
			dependencies = (
			);
			name = Swift51Demo;
			productName = Swift51Demo;
			productReference = 684B4A1922A9F02F0086C6C1 /* Swift51Demo.app */;
			productType = "com.apple.product-type.application";
		};
/* End PBXNativeTarget section */

/* Begin PBXProject section */
		684B4A1122A9F02F0086C6C1 /* Project object */ = {
			isa = PBXProject;
			attributes = {
				LastSwiftUpdateCheck = 1100;
				LastUpgradeCheck = 1100;
				ORGANIZATIONNAME = "Andrea Cipriani";
				TargetAttributes = {
					684B4A1822A9F02F0086C6C1 = {
						CreatedOnToolsVersion = 11.0;
					};
				};
			};
			buildConfigurationList = 684B4A1422A9F02F0086C6C1 /* Build configuration list for PBXProject "Swift51Demo" */;
			compatibilityVersion = "Xcode 9.3";
			developmentRegion = en;
			hasScannedForEncodings = 0;
			knownRegions = (
				en,
				Base,
			);
			mainGroup = 684B4A1022A9F02F0086C6C1;
			productRefGroup = 684B4A1A22A9F02F0086C6C1 /* Products */;
			projectDirPath = "";
			projectRoot = "";
			targets = (
				684B4A1822A9F02F0086C6C1 /* Swift51Demo */,
			);
		};
/* End PBXProject section */

/* Begin PBXResourcesBuildPhase section */
		684B4A1722A9F02F0086C6C1 /* Resources */ = {
			isa = PBXResourcesBuildPhase;
			buildActionMask = 2147483647;
			files = (
				684B4A2922A9F0300086C6C1 /* LaunchScreen.storyboard in Resources */,
				684B4A2622A9F0300086C6C1 /* Preview Assets.xcassets in Resources */,
				684B4A2322A9F0300086C6C1 /* Assets.xcassets in Resources */,
			);
			runOnlyForDeploymentPostprocessing = 0;
		};
/* End PBXResourcesBuildPhase section */

/* Begin PBXSourcesBuildPhase section */
		684B4A1522A9F02F0086C6C1 /* Sources */ = {
			isa = PBXSourcesBuildPhase;
			buildActionMask = 2147483647;
			files = (
				684B4A1D22A9F02F0086C6C1 /* AppDelegate.swift in Sources */,
				684B4A3622AAD49C0086C6C1 /* LoggingAccessors.swift in Sources */,
				684B4A1F22A9F02F0086C6C1 /* SceneDelegate.swift in Sources */,
				684B4A3222A9F0F20086C6C1 /* BackedByUserDefault.swift in Sources */,
				684B4A3422A9F8690086C6C1 /* ThreadSafe.swift in Sources */,
				684B4A2122A9F02F0086C6C1 /* ContentView.swift in Sources */,
			);
			runOnlyForDeploymentPostprocessing = 0;
		};
/* End PBXSourcesBuildPhase section */

/* Begin PBXVariantGroup section */
		684B4A2722A9F0300086C6C1 /* LaunchScreen.storyboard */ = {
			isa = PBXVariantGroup;
			children = (
				684B4A2822A9F0300086C6C1 /* Base */,
			);
			name = LaunchScreen.storyboard;
			sourceTree = "<group>";
		};
/* End PBXVariantGroup section */

/* Begin XCBuildConfiguration section */
		684B4A2B22A9F0300086C6C1 /* Debug */ = {
			isa = XCBuildConfiguration;
			buildSettings = {
				ALWAYS_SEARCH_USER_PATHS = NO;
				CLANG_ANALYZER_NONNULL = YES;
				CLANG_ANALYZER_NUMBER_OBJECT_CONVERSION = YES_AGGRESSIVE;
				CLANG_CXX_LANGUAGE_STANDARD = "gnu++14";
				CLANG_CXX_LIBRARY = "libc++";
				CLANG_ENABLE_MODULES = YES;
				CLANG_ENABLE_OBJC_ARC = YES;
				CLANG_ENABLE_OBJC_WEAK = YES;
				CLANG_WARN_BLOCK_CAPTURE_AUTORELEASING = YES;
				CLANG_WARN_BOOL_CONVERSION = YES;
				CLANG_WARN_COMMA = YES;
				CLANG_WARN_CONSTANT_CONVERSION = YES;
				CLANG_WARN_DEPRECATED_OBJC_IMPLEMENTATIONS = YES;
				CLANG_WARN_DIRECT_OBJC_ISA_USAGE = YES_ERROR;
				CLANG_WARN_DOCUMENTATION_COMMENTS = YES;
				CLANG_WARN_EMPTY_BODY = YES;
				CLANG_WARN_ENUM_CONVERSION = YES;
				CLANG_WARN_INFINITE_RECURSION = YES;
				CLANG_WARN_INT_CONVERSION = YES;
				CLANG_WARN_NON_LITERAL_NULL_CONVERSION = YES;
				CLANG_WARN_OBJC_IMPLICIT_RETAIN_SELF = YES;
				CLANG_WARN_OBJC_LITERAL_CONVERSION = YES;
				CLANG_WARN_OBJC_ROOT_CLASS = YES_ERROR;
				CLANG_WARN_RANGE_LOOP_ANALYSIS = YES;
				CLANG_WARN_STRICT_PROTOTYPES = YES;
				CLANG_WARN_SUSPICIOUS_MOVE = YES;
				CLANG_WARN_UNGUARDED_AVAILABILITY = YES_AGGRESSIVE;
				CLANG_WARN_UNREACHABLE_CODE = YES;
				CLANG_WARN__DUPLICATE_METHOD_MATCH = YES;
				COPY_PHASE_STRIP = NO;
				DEBUG_INFORMATION_FORMAT = dwarf;
				ENABLE_STRICT_OBJC_MSGSEND = YES;
				ENABLE_TESTABILITY = YES;
				GCC_C_LANGUAGE_STANDARD = gnu11;
				GCC_DYNAMIC_NO_PIC = NO;
				GCC_NO_COMMON_BLOCKS = YES;
				GCC_OPTIMIZATION_LEVEL = 0;
				GCC_PREPROCESSOR_DEFINITIONS = (
					"DEBUG=1",
					"$(inherited)",
				);
				GCC_WARN_64_TO_32_BIT_CONVERSION = YES;
				GCC_WARN_ABOUT_RETURN_TYPE = YES_ERROR;
				GCC_WARN_UNDECLARED_SELECTOR = YES;
				GCC_WARN_UNINITIALIZED_AUTOS = YES_AGGRESSIVE;
				GCC_WARN_UNUSED_FUNCTION = YES;
				GCC_WARN_UNUSED_VARIABLE = YES;
				IPHONEOS_DEPLOYMENT_TARGET = 13.0;
				MTL_ENABLE_DEBUG_INFO = INCLUDE_SOURCE;
				MTL_FAST_MATH = YES;
				ONLY_ACTIVE_ARCH = YES;
				SDKROOT = iphoneos;
				SWIFT_ACTIVE_COMPILATION_CONDITIONS = DEBUG;
				SWIFT_OPTIMIZATION_LEVEL = "-Onone";
			};
			name = Debug;
		};
		684B4A2C22A9F0300086C6C1 /* Release */ = {
			isa = XCBuildConfiguration;
			buildSettings = {
				ALWAYS_SEARCH_USER_PATHS = NO;
				CLANG_ANALYZER_NONNULL = YES;
				CLANG_ANALYZER_NUMBER_OBJECT_CONVERSION = YES_AGGRESSIVE;
				CLANG_CXX_LANGUAGE_STANDARD = "gnu++14";
				CLANG_CXX_LIBRARY = "libc++";
				CLANG_ENABLE_MODULES = YES;
				CLANG_ENABLE_OBJC_ARC = YES;
				CLANG_ENABLE_OBJC_WEAK = YES;
				CLANG_WARN_BLOCK_CAPTURE_AUTORELEASING = YES;
				CLANG_WARN_BOOL_CONVERSION = YES;
				CLANG_WARN_COMMA = YES;
				CLANG_WARN_CONSTANT_CONVERSION = YES;
				CLANG_WARN_DEPRECATED_OBJC_IMPLEMENTATIONS = YES;
				CLANG_WARN_DIRECT_OBJC_ISA_USAGE = YES_ERROR;
				CLANG_WARN_DOCUMENTATION_COMMENTS = YES;
				CLANG_WARN_EMPTY_BODY = YES;
				CLANG_WARN_ENUM_CONVERSION = YES;
				CLANG_WARN_INFINITE_RECURSION = YES;
				CLANG_WARN_INT_CONVERSION = YES;
				CLANG_WARN_NON_LITERAL_NULL_CONVERSION = YES;
				CLANG_WARN_OBJC_IMPLICIT_RETAIN_SELF = YES;
				CLANG_WARN_OBJC_LITERAL_CONVERSION = YES;
				CLANG_WARN_OBJC_ROOT_CLASS = YES_ERROR;
				CLANG_WARN_RANGE_LOOP_ANALYSIS = YES;
				CLANG_WARN_STRICT_PROTOTYPES = YES;
				CLANG_WARN_SUSPICIOUS_MOVE = YES;
				CLANG_WARN_UNGUARDED_AVAILABILITY = YES_AGGRESSIVE;
				CLANG_WARN_UNREACHABLE_CODE = YES;
				CLANG_WARN__DUPLICATE_METHOD_MATCH = YES;
				COPY_PHASE_STRIP = NO;
				DEBUG_INFORMATION_FORMAT = "dwarf-with-dsym";
				ENABLE_NS_ASSERTIONS = NO;
				ENABLE_STRICT_OBJC_MSGSEND = YES;
				GCC_C_LANGUAGE_STANDARD = gnu11;
				GCC_NO_COMMON_BLOCKS = YES;
				GCC_WARN_64_TO_32_BIT_CONVERSION = YES;
				GCC_WARN_ABOUT_RETURN_TYPE = YES_ERROR;
				GCC_WARN_UNDECLARED_SELECTOR = YES;
				GCC_WARN_UNINITIALIZED_AUTOS = YES_AGGRESSIVE;
				GCC_WARN_UNUSED_FUNCTION = YES;
				GCC_WARN_UNUSED_VARIABLE = YES;
				IPHONEOS_DEPLOYMENT_TARGET = 13.0;
				MTL_ENABLE_DEBUG_INFO = NO;
				MTL_FAST_MATH = YES;
				SDKROOT = iphoneos;
				SWIFT_COMPILATION_MODE = wholemodule;
				SWIFT_OPTIMIZATION_LEVEL = "-O";
				VALIDATE_PRODUCT = YES;
			};
			name = Release;
		};
		684B4A2E22A9F0300086C6C1 /* Debug */ = {
			isa = XCBuildConfiguration;
			buildSettings = {
				ASSETCATALOG_COMPILER_APPICON_NAME = AppIcon;
				CODE_SIGN_STYLE = Automatic;
				DEVELOPMENT_ASSET_PATHS = "Swift51Demo/Preview\\ Content";
				ENABLE_PREVIEWS = YES;
				INFOPLIST_FILE = Swift51Demo/Info.plist;
				LD_RUNPATH_SEARCH_PATHS = (
					"$(inherited)",
					"@executable_path/Frameworks",
				);
				PRODUCT_BUNDLE_IDENTIFIER = com.agc.Swift51Demo;
				PRODUCT_NAME = "$(TARGET_NAME)";
				SWIFT_VERSION = 5.0;
				TARGETED_DEVICE_FAMILY = "1,2";
			};
			name = Debug;
		};
		684B4A2F22A9F0300086C6C1 /* Release */ = {
			isa = XCBuildConfiguration;
			buildSettings = {
				ASSETCATALOG_COMPILER_APPICON_NAME = AppIcon;
				CODE_SIGN_STYLE = Automatic;
				DEVELOPMENT_ASSET_PATHS = "Swift51Demo/Preview\\ Content";
				ENABLE_PREVIEWS = YES;
				INFOPLIST_FILE = Swift51Demo/Info.plist;
				LD_RUNPATH_SEARCH_PATHS = (
					"$(inherited)",
					"@executable_path/Frameworks",
				);
				PRODUCT_BUNDLE_IDENTIFIER = com.agc.Swift51Demo;
				PRODUCT_NAME = "$(TARGET_NAME)";
				SWIFT_VERSION = 5.0;
				TARGETED_DEVICE_FAMILY = "1,2";
			};
			name = Release;
		};
/* End XCBuildConfiguration section */

/* Begin XCConfigurationList section */
		684B4A1422A9F02F0086C6C1 /* Build configuration list for PBXProject "Swift51Demo" */ = {
			isa = XCConfigurationList;
			buildConfigurations = (
				684B4A2B22A9F0300086C6C1 /* Debug */,
				684B4A2C22A9F0300086C6C1 /* Release */,
			);
			defaultConfigurationIsVisible = 0;
			defaultConfigurationName = Release;
		};
		684B4A2D22A9F0300086C6C1 /* Build configuration list for PBXNativeTarget "Swift51Demo" */ = {
			isa = XCConfigurationList;
			buildConfigurations = (
				684B4A2E22A9F0300086C6C1 /* Debug */,
				684B4A2F22A9F0300086C6C1 /* Release */,
			);
			defaultConfigurationIsVisible = 0;
			defaultConfigurationName = Release;
		};
/* End XCConfigurationList section */
	};
	rootObject = 684B4A1122A9F02F0086C6C1 /* Project object */;
}
